
Microsoft Visual Studio Solution File, Format Version 12.00
# Visual Studio 15
VisualStudioVersion = 15.0.27703.2026
MinimumVisualStudioVersion = 10.0.40219.1
Project("{8BC9CEB8-8B4A-11D0-8D11-00A0C91BC942}") = "SFML project - Roy-Floyd", "SFML project - Dijkstra\SFML project - Dijkstra.vcxproj", "{8014E0F9-16BE-4244-8C28-DA6828E18D17}"
EndProject
Global
	GlobalSection(SolutionConfigurationPlatforms) = preSolution
		Debug|x64 = Debug|x64
		Debug|x86 = Debug|x86
		Release|x64 = Release|x64
		Release|x86 = Release|x86
	EndGlobalSection
	GlobalSection(ProjectConfigurationPlatforms) = postSolution
		{8014E0F9-16BE-4244-8C28-DA6828E18D17}.Debug|x64.ActiveCfg = Debug|x64
		{8014E0F9-16BE-4244-8C28-DA6828E18D17}.Debug|x64.Build.0 = Debug|x64
		{8014E0F9-16BE-4244-8C28-DA6828E18D17}.Debug|x86.ActiveCfg = Debug|Win32
		{8014E0F9-16BE-4244-8C28-DA6828E18D17}.Debug|x86.Build.0 = Debug|Win32
		{8014E0F9-16BE-4244-8C28-DA6828E18D17}.Release|x64.ActiveCfg = Release|x64
		{8014E0F9-16BE-4244-8C28-DA6828E18D17}.Release|x64.Build.0 = Release|x64
		{8014E0F9-16BE-4244-8C28-DA6828E18D17}.Release|x86.ActiveCfg = Release|Win32
		{8014E0F9-16BE-4244-8C28-DA6828E18D17}.Release|x86.Build.0 = Release|Win32
	EndGlobalSection
	GlobalSection(SolutionProperties) = preSolution
		HideSolutionNode = FALSE
	EndGlobalSection
	GlobalSection(ExtensibilityGlobals) = postSolution
		SolutionGuid = {390A00EE-500D-4C29-956F-30F7D29BFB31}
	EndGlobalSection
EndGlobal
